
Microsoft Visual Studio Solution File, Format Version 12.00
# Visual Studio Version 17
VisualStudioVersion = 17.8.34309.116
MinimumVisualStudioVersion = 10.0.40219.1
Project("{FAE04EC0-301F-11D3-BF4B-00C04F79EFBC}") = "HM1_Algorithms", "CSharp_HomeWork\HM1_Algorithms.csproj", "{277ACE30-FB03-4477-BC9B-243320459285}"
EndProject
Global
	GlobalSection(SolutionConfigurationPlatforms) = preSolution
		Debug|Any CPU = Debug|Any CPU
		Release|Any CPU = Release|Any CPU
	EndGlobalSection
	GlobalSection(ProjectConfigurationPlatforms) = postSolution
		{277ACE30-FB03-4477-BC9B-243320459285}.Debug|Any CPU.ActiveCfg = Debug|Any CPU
		{277ACE30-FB03-4477-BC9B-243320459285}.Debug|Any CPU.Build.0 = Debug|Any CPU
		{277ACE30-FB03-4477-BC9B-243320459285}.Release|Any CPU.ActiveCfg = Release|Any CPU
		{277ACE30-FB03-4477-BC9B-243320459285}.Release|Any CPU.Build.0 = Release|Any CPU
	EndGlobalSection
	GlobalSection(SolutionProperties) = preSolution
		HideSolutionNode = FALSE
	EndGlobalSection
	GlobalSection(ExtensibilityGlobals) = postSolution
		SolutionGuid = {452067FF-7F44-4101-BEE9-230D417F899D}
	EndGlobalSection
EndGlobal
